{
  "projects": [
    {
      "projectId": "seaQhLVS4bbjiGvJJrRwyL",
      "version": "15.0.3",
      "dependencies": {},
      "lang": "ts",
      "fileLocks": [
        {
          "assetId": "seaQhLVS4bbjiGvJJrRwyL",
          "type": "projectCss",
          "checksum": "174eea901e0665102c7080f882556fac"
        }
      ],
      "codegenVersion": "0.0.1"
    },
    {
      "projectId": "8FPsFEcwfPwJTeYKjXtkVp",
      "version": "latest",
      "dependencies": {
        "seaQhLVS4bbjiGvJJrRwyL": "15.0.3"
      },
      "lang": "ts",
      "fileLocks": [
        {
          "type": "globalVariant",
          "assetId": "WvxiCA7KExGF",
          "checksum": "a0233f1d5234e23639661edb6de4ff4f"
        },
        {
          "assetId": "8FPsFEcwfPwJTeYKjXtkVp",
          "type": "projectCss",
          "checksum": "d91290afbcd40cae0e9b82b2551482b5"
        },
        {
          "type": "renderModule",
          "assetId": "Cg5ZjVoZYkso",
          "checksum": "0a22b03983faf45f4aad3ea17b2c3e87"
        },
        {
          "type": "cssRules",
          "assetId": "Cg5ZjVoZYkso",
          "checksum": "0a22b03983faf45f4aad3ea17b2c3e87"
        },
        {
          "type": "renderModule",
          "assetId": "K3GKYR4PXHin",
          "checksum": "87934bf3205294528f4d6b105ccddb32"
        },
        {
          "type": "cssRules",
          "assetId": "K3GKYR4PXHin",
          "checksum": "87934bf3205294528f4d6b105ccddb32"
        },
        {
          "type": "renderModule",
          "assetId": "DhmVQn3kFNyW",
          "checksum": "303230ef37414f90f2fd1d0686f0ab98"
        },
        {
          "type": "cssRules",
          "assetId": "DhmVQn3kFNyW",
          "checksum": "303230ef37414f90f2fd1d0686f0ab98"
        },
        {
          "type": "renderModule",
          "assetId": "mO2Fghscjgep",
          "checksum": "270c000474851eab66abe2d54331c0e4"
        },
        {
          "type": "cssRules",
          "assetId": "mO2Fghscjgep",
          "checksum": "270c000474851eab66abe2d54331c0e4"
        },
        {
          "type": "renderModule",
          "assetId": "a9sywAIFgNty",
          "checksum": "000cb65155675aa79e29d841cb9d1c15"
        },
        {
          "type": "cssRules",
          "assetId": "a9sywAIFgNty",
          "checksum": "000cb65155675aa79e29d841cb9d1c15"
        },
        {
          "type": "renderModule",
          "assetId": "YMaPsmoVKxsM",
          "checksum": "2086f1c91de79b23de113541b949f11c"
        },
        {
          "type": "cssRules",
          "assetId": "YMaPsmoVKxsM",
          "checksum": "2086f1c91de79b23de113541b949f11c"
        },
        {
          "type": "renderModule",
          "assetId": "Qqa9o0BfC1mr",
          "checksum": "7a0e3bf616101545e41e1ee7f3afd8ca"
        },
        {
          "type": "cssRules",
          "assetId": "Qqa9o0BfC1mr",
          "checksum": "7a0e3bf616101545e41e1ee7f3afd8ca"
        },
        {
          "type": "renderModule",
          "assetId": "SqS70_XW4gk5",
          "checksum": "336d07e9f81a50132c8b1e28d2489e71"
        },
        {
          "type": "cssRules",
          "assetId": "SqS70_XW4gk5",
          "checksum": "336d07e9f81a50132c8b1e28d2489e71"
        },
        {
          "type": "renderModule",
          "assetId": "iOUatfe-aEY2",
          "checksum": "c0e687796e544d50bc89fe8c40ec2216"
        },
        {
          "type": "cssRules",
          "assetId": "iOUatfe-aEY2",
          "checksum": "c0e687796e544d50bc89fe8c40ec2216"
        },
        {
          "type": "renderModule",
          "assetId": "bUzvmv2Yjdda",
          "checksum": "4cdc603a554a878ae73a529dc2cc3870"
        },
        {
          "type": "cssRules",
          "assetId": "bUzvmv2Yjdda",
          "checksum": "4cdc603a554a878ae73a529dc2cc3870"
        },
        {
          "type": "renderModule",
          "assetId": "AlPhYtUZvYPk",
          "checksum": "53d3371658b8ce28e90d8d19c1a89006"
        },
        {
          "type": "cssRules",
          "assetId": "AlPhYtUZvYPk",
          "checksum": "53d3371658b8ce28e90d8d19c1a89006"
        },
        {
          "type": "renderModule",
          "assetId": "y923X0W2zwjx",
          "checksum": "122ce18f5ac6c0827e5a317e15d5e2b9"
        },
        {
          "type": "cssRules",
          "assetId": "y923X0W2zwjx",
          "checksum": "122ce18f5ac6c0827e5a317e15d5e2b9"
        },
        {
          "type": "renderModule",
          "assetId": "ETheLnHfuPnE",
          "checksum": "5c42803d25c7adc1cdd2f0fa2cef01da"
        },
        {
          "type": "cssRules",
          "assetId": "ETheLnHfuPnE",
          "checksum": "5c42803d25c7adc1cdd2f0fa2cef01da"
        },
        {
          "type": "renderModule",
          "assetId": "mW1bGmlsIUCo",
          "checksum": "e6c4668ca3d2ac4942d320f05db965bf"
        },
        {
          "type": "cssRules",
          "assetId": "mW1bGmlsIUCo",
          "checksum": "e6c4668ca3d2ac4942d320f05db965bf"
        },
        {
          "type": "renderModule",
          "assetId": "hmaXZuvwR90s",
          "checksum": "da34b90328f69aad4d2f814cd6fd585d"
        },
        {
          "type": "cssRules",
          "assetId": "hmaXZuvwR90s",
          "checksum": "da34b90328f69aad4d2f814cd6fd585d"
        },
        {
          "type": "renderModule",
          "assetId": "foO7_faQxJ0R",
          "checksum": "7b8a18567ed69f49dca2982290733aae"
        },
        {
          "type": "cssRules",
          "assetId": "foO7_faQxJ0R",
          "checksum": "7b8a18567ed69f49dca2982290733aae"
        },
        {
          "type": "renderModule",
          "assetId": "INprH8rX9W3H",
          "checksum": "e6a551f4f19e4048803a3406a3a58ad7"
        },
        {
          "type": "cssRules",
          "assetId": "INprH8rX9W3H",
          "checksum": "e6a551f4f19e4048803a3406a3a58ad7"
        },
        {
          "type": "renderModule",
          "assetId": "HAHPLnHd4eH_",
          "checksum": "56b044fa561fb90c83225e5aa08a1164"
        },
        {
          "type": "cssRules",
          "assetId": "HAHPLnHd4eH_",
          "checksum": "56b044fa561fb90c83225e5aa08a1164"
        },
        {
          "type": "renderModule",
          "assetId": "6wYHguuuyq77",
          "checksum": "0055ea00823ece55b80b53fe4c75bc45"
        },
        {
          "type": "cssRules",
          "assetId": "6wYHguuuyq77",
          "checksum": "0055ea00823ece55b80b53fe4c75bc45"
        },
        {
          "type": "renderModule",
          "assetId": "W_E4Ct7Kt6Of",
          "checksum": "f277524876791733aa7b917ae0c49fae"
        },
        {
          "type": "cssRules",
          "assetId": "W_E4Ct7Kt6Of",
          "checksum": "f277524876791733aa7b917ae0c49fae"
        },
        {
          "type": "icon",
          "assetId": "adsh2hTPPCDa",
          "checksum": "c93169824ea9e6a3fa4612d18053b776"
        },
        {
          "type": "icon",
          "assetId": "-ryBtlI-TTI1",
          "checksum": "e775ea9efdfa3bb38242fa87113cb817"
        },
        {
          "type": "icon",
          "assetId": "NpvKfHsnG3bF",
          "checksum": "1347e69446b50da1870891ac25455a98"
        },
        {
          "type": "icon",
          "assetId": "dNTEd-fefPNO",
          "checksum": "07a04b78a2ea1cc4ef9e5a293c07aa5e"
        },
        {
          "type": "icon",
          "assetId": "lL9av5DbGwSy",
          "checksum": "c08ff5bc7d8d08cf323a388cdeebf9ae"
        },
        {
          "type": "icon",
          "assetId": "36zyi_HO0HEV",
          "checksum": "b4e90f1d5b6739a4c1a116bcecc2c621"
        },
        {
          "type": "icon",
          "assetId": "-jWwW_BQvvOc",
          "checksum": "6195569d4eaa8045ccc7dbf33fca1b69"
        },
        {
          "type": "icon",
          "assetId": "dOLcXEe-rVxU",
          "checksum": "cbcbc855bbd155280e65ad5311070937"
        },
        {
          "type": "icon",
          "assetId": "TYKbJSPXBaAM",
          "checksum": "1cb852ea793366e48e91ab7d38bd6251"
        },
        {
          "type": "icon",
          "assetId": "9SNKv-vhk1W-",
          "checksum": "ac1b0421eb37a5ad8dc6776403fcb497"
        },
        {
          "type": "icon",
          "assetId": "HZqu-s0w31O5",
          "checksum": "6eacec0a919957e88d6460d24eb40f3c"
        },
        {
          "type": "icon",
          "assetId": "HQ_BxnePhPzG",
          "checksum": "a32bf36cc5753aa8148903ffb8843cef"
        },
        {
          "type": "icon",
          "assetId": "vC-AT7Sgsmpi",
          "checksum": "0ce54f38e741906fa25a80a8cda5565d"
        },
        {
          "type": "icon",
          "assetId": "8Qfo207DFnmJ",
          "checksum": "4435c7c6b0d6d678176b31265f4bd162"
        },
        {
          "type": "icon",
          "assetId": "rV_n1S-cd84I",
          "checksum": "9bce85070b9b4e11b337b321d8ecfea9"
        },
        {
          "type": "icon",
          "assetId": "RE3w53cCaMRn",
          "checksum": "26a76c3ce07e4348d75f647e562ac67a"
        },
        {
          "type": "icon",
          "assetId": "cz_Mzyy9GEOJ",
          "checksum": "fb2ea9c08a6d10e269c5cdbc3adbadb6"
        },
        {
          "type": "icon",
          "assetId": "yco6sfDicCyn",
          "checksum": "20b73628d76f619d6c3c7b5b82aa4f3c"
        },
        {
          "type": "icon",
          "assetId": "Uk5WPe_ZUSEb",
          "checksum": "e337f0ef43b7cc9accf38c152450ee78"
        },
        {
          "type": "icon",
          "assetId": "ErqfsX6h1fqu",
          "checksum": "82a6e71801f75a2791ccd5d4079b8f1c"
        },
        {
          "type": "icon",
          "assetId": "FmyaxZ42_-Qm",
          "checksum": "052536e56dd139f71f3559aa23cc26a3"
        },
        {
          "type": "icon",
          "assetId": "vAh8ks_0WWjZ",
          "checksum": "573c3ec981ecc7e4d093ecfab5f768e8"
        },
        {
          "type": "icon",
          "assetId": "UUpnGxTt_l_h",
          "checksum": "1e9d0d8b629c66f1142efb1ed5459948"
        },
        {
          "type": "icon",
          "assetId": "A33VNOXnoHLr",
          "checksum": "eae61ba989041c93cf0eb1d787e74022"
        },
        {
          "type": "icon",
          "assetId": "MG9UCzToJKZR",
          "checksum": "e7f6713aa55bf876e51d8b3933a0e0df"
        },
        {
          "type": "icon",
          "assetId": "jLUrzfUR1ryI",
          "checksum": "ba332067759a922382b0be1197de4e2f"
        },
        {
          "type": "icon",
          "assetId": "DFp9JA-7Bj4U",
          "checksum": "cb21621379fd489eb38a788329b07903"
        },
        {
          "type": "icon",
          "assetId": "foItqpQHPLPM",
          "checksum": "410bff9037a75cfea12355476dcb026a"
        },
        {
          "type": "icon",
          "assetId": "u4e7xTlyW3PK",
          "checksum": "3b6a04ded8944da5a15746c1aaebc9f0"
        },
        {
          "type": "icon",
          "assetId": "fvmrCsuxW7Er",
          "checksum": "bf3f6bc62f83221b32f82243f5b8e5d2"
        },
        {
          "type": "icon",
          "assetId": "hPRk_0ADgJKj",
          "checksum": "9e363de1fadccb312ecb1f5bb7352f88"
        },
        {
          "type": "image",
          "assetId": "7e6wRih7xZa9",
          "checksum": "20a422436226e266999f5f60b21cf320"
        },
        {
          "type": "image",
          "assetId": "yzRvNzk1J2sX",
          "checksum": "cafd9d0facd9b497bacec71b0713ec3f"
        },
        {
          "type": "image",
          "assetId": "maM9qzeA3Jqy",
          "checksum": "4a1ff1e3ff36c2988ed5485d90d7b4be"
        },
        {
          "type": "image",
          "assetId": "ofQSWsSDKyMV",
          "checksum": "cb446aaa55ffc5411649dc66fa0a792b"
        },
        {
          "type": "image",
          "assetId": "m5FcsFEOmmgV",
          "checksum": "ce84a6d61ddc5ad812a81a824da6d168"
        },
        {
          "type": "image",
          "assetId": "3ePx2aHq-BxC",
          "checksum": "357351d2f70e7094baba44234cfdbb09"
        },
        {
          "type": "image",
          "assetId": "odf5YqlOmg88",
          "checksum": "abf2fa4f29189c62324d3006e2078d38"
        },
        {
          "type": "image",
          "assetId": "XeMcJLfK-Fzs",
          "checksum": "abb84304f0b85681e4ffaddb516e5c61"
        },
        {
          "type": "image",
          "assetId": "vDnkwdbA5FdD",
          "checksum": "b21bafe35ddb32428c6b0334f7c4f014"
        },
        {
          "type": "image",
          "assetId": "pikb58VEqBn1",
          "checksum": "b103fb6cc3544d68995ca911441db7cc"
        },
        {
          "type": "image",
          "assetId": "zSEpdsG5HJQL",
          "checksum": "49cc4bb3d197e76b1c74a5ba0c8c337f"
        },
        {
          "type": "image",
          "assetId": "xQM4Bh8X_YuA",
          "checksum": "39d788cfe4fea7f401a5cdce3164fc50"
        },
        {
          "type": "image",
          "assetId": "A6ylCT48b2uf",
          "checksum": "dc13af0f8357adc2f734a1c38d81b80c"
        },
        {
          "type": "image",
          "assetId": "3GHsYwwggCww",
          "checksum": "d7cf9e9695cef590b353529813654ebf"
        },
        {
          "type": "image",
          "assetId": "Zuiq5HhFej9Y",
          "checksum": "7110f6051beed97165a0ab2166c3989c"
        },
        {
          "type": "image",
          "assetId": "jJk8me2PoOAW",
          "checksum": "3155db8ed47ccc403c4356d2417c750c"
        },
        {
          "type": "image",
          "assetId": "poZaFYklHu80",
          "checksum": "734faccecb5d2e36180640440ff3a557"
        },
        {
          "type": "image",
          "assetId": "5fmW8yZWbR69",
          "checksum": "b9dd1ad6ca23fa4e2574c4f977eb478e"
        },
        {
          "type": "image",
          "assetId": "YoTvMIItuEst",
          "checksum": "1d2616f68c23c6688a20e6d6c1d6a244"
        },
        {
          "type": "image",
          "assetId": "-5GuaIKDImuu",
          "checksum": "3e515a02e3d4299a2aeea36c5b38e347"
        },
        {
          "type": "image",
          "assetId": "ea7BkbRBBDol",
          "checksum": "c2e9638d461f67694e93a4c060d9191e"
        },
        {
          "type": "image",
          "assetId": "la35ifDX2Hnq",
          "checksum": "cf0c68f96885af21e5b6e608f54d4b1e"
        },
        {
          "type": "image",
          "assetId": "NzC-xmZadiRh",
          "checksum": "a5e6029d4f317586f6b409a173b488b0"
        },
        {
          "type": "image",
          "assetId": "o6igyzSTvpZh",
          "checksum": "2329fb2ad4319d777102f1c3e5f82e0e"
        },
        {
          "type": "image",
          "assetId": "Nb76mNK1b2zu",
          "checksum": "61088a96cb16ef960ee655e5bc13812c"
        },
        {
          "type": "image",
          "assetId": "O-k6DTUOyOTa",
          "checksum": "bcd40aca1d40b51cecd779045ae4d8f5"
        },
        {
          "type": "image",
          "assetId": "EJV340b__zhw",
          "checksum": "37152e6c2481b4e80281e156a419f61f"
        },
        {
          "type": "image",
          "assetId": "exbQEN2lI6ZO",
          "checksum": "8cb0f88a1fec7a9ddc844804ac5db8ec"
        },
        {
          "type": "image",
          "assetId": "btFDSYP64OIb",
          "checksum": "517ea078615d9d7ee427324e3aa79a41"
        },
        {
          "type": "image",
          "assetId": "VFDp6N8-r5Tq",
          "checksum": "32bc18bb71759e1fae71da83e295e321"
        },
        {
          "type": "image",
          "assetId": "T8FXbxCzv5fj",
          "checksum": "b53bd136348dd9882340c34c45b22011"
        },
        {
          "type": "image",
          "assetId": "TYYbQ8D4Tu7k",
          "checksum": "2c3a19fc50381607c43afa456afa5ea6"
        },
        {
          "type": "image",
          "assetId": "ZdK-hWnjhgWm",
          "checksum": "fa6244c5d670c61974bc6ecb10e309f1"
        },
        {
          "type": "image",
          "assetId": "9BDGCWhJ5QjY",
          "checksum": "19e14a4e235da78f5263440e51bdbad3"
        },
        {
          "type": "image",
          "assetId": "WVVpS9ZgDFOE",
          "checksum": "ee24ee42bfa5d54a00dcdd7fc297b179"
        },
        {
          "type": "image",
          "assetId": "qycyxQnXMurw",
          "checksum": "f3fed6c3a61bcdb23d840118e4390e17"
        },
        {
          "type": "image",
          "assetId": "y0j1EZDHJL1G",
          "checksum": "eb84d7955c339183c02ffc13af49fb09"
        },
        {
          "type": "image",
          "assetId": "oSaWKeuwSsDc",
          "checksum": "0fcb6019aa8a1c65ef29dcdc0abc969b"
        },
        {
          "type": "image",
          "assetId": "zYARqaTSGuLN",
          "checksum": "8f5338bbb666255df89f5fa457ff0d04"
        },
        {
          "type": "image",
          "assetId": "nx73TG87TGfG",
          "checksum": "112471cd5b1409300ca6d002a53f41d7"
        },
        {
          "type": "image",
          "assetId": "Ms-uozXt0_Du",
          "checksum": "25b08e045ebf180d33451f066e18a0a2"
        },
        {
          "type": "image",
          "assetId": "XksIk3MPnAqg",
          "checksum": "97bbc077c773b4fd579c7dd7cf1e3a7e"
        },
        {
          "type": "image",
          "assetId": "AsH6M_QdxOm8",
          "checksum": "fa4e9ee66f2a493feb307e9d72397f66"
        },
        {
          "type": "image",
          "assetId": "7udApQIP0e4C",
          "checksum": "e42b7729e3be65d012de1fc5e817aa3e"
        },
        {
          "type": "image",
          "assetId": "bt3DlCnvwvvd",
          "checksum": "8e702559d80c55a1a6630c3c2aa4bced"
        },
        {
          "type": "image",
          "assetId": "Qcf-AuhHoHe6",
          "checksum": "9677946734bc89c3bfcf81012941ae45"
        },
        {
          "type": "image",
          "assetId": "qFgpo727ElGt",
          "checksum": "c8eed70d226fe100b3b38fca1664f457"
        },
        {
          "type": "image",
          "assetId": "_lpMqm8jvjf9",
          "checksum": "23ed224b8bcf198f53f1ecf5c856e388"
        },
        {
          "type": "image",
          "assetId": "hcKETuJFNT5Y",
          "checksum": "10eb6eb629995f99a499b27110f29afe"
        },
        {
          "type": "image",
          "assetId": "vBzSs9c3OE0C",
          "checksum": "a707a94fbc8ac003cf558fe244c93c81"
        },
        {
          "type": "image",
          "assetId": "sQQCIcmV_4-Z",
          "checksum": "7ce8ba83f6df35d2771c14ef0fb6b06d"
        },
        {
          "type": "image",
          "assetId": "GAPEh2B9wdZQ",
          "checksum": "35ce028fbf5d28704d32916d5ac6ca32"
        },
        {
          "type": "image",
          "assetId": "bNCrNKu2IK-1",
          "checksum": "4af6b48a33ed08c4acf568ff3ee5feec"
        },
        {
          "type": "image",
          "assetId": "Mvw8XcaMP3ux",
          "checksum": "edff5b547244e09116c4821fa1fc21f1"
        },
        {
          "type": "image",
          "assetId": "pVUYLsYH4es2",
          "checksum": "d79be2667ac974a0ae9b3d51c1289fb3"
        },
        {
          "type": "image",
          "assetId": "kQA7T6LIXzs-",
          "checksum": "a4f8a9658edc8986bf7a1427d54e6732"
        },
        {
          "type": "image",
          "assetId": "fDha-_4N4LJv",
          "checksum": "7b720bc0c23eb9e1353c08c0b0d951fa"
        },
        {
          "type": "image",
          "assetId": "dPjIHQK6mKVf",
          "checksum": "0ccf48b05fde2306548e77d0d09dd1d9"
        }
      ],
      "codegenVersion": "0.0.1"
    }
  ],
  "cliVersion": "0.1.338"
}
